{
  "name": "oa-finance-audit-rebuild-extension",
  "version": "0.1.4",
  "lockfileVersion": 3,
  "requires": true,
  "packages": {
    "": {
      "name": "oa-finance-audit-rebuild-extension",
      "version": "0.1.4",
      "license": "ISC",
      "dependencies": {
        "@kenjiuno/msgreader": "^1.28.0",
        "fflate": "^0.8.2",
        "pdfjs-dist": "^5.6.205",
        "tesseract.js": "^7.0.0",
        "xlsx": "^0.18.5"
      }
    },
    "node_modules/@kenjiuno/decompressrtf": {
      "version": "0.1.4",
      "resolved": "https://registry.npmmirror.com/@kenjiuno/decompressrtf/-/decompressrtf-0.1.4.tgz",
      "integrity": "sha512-v9c/iFz17jRWyd2cRnrvJg4VOg/4I/VCk+bG8JnoX2gJ9sAesPzo3uTqcmlVXdpasTI8hChpBVw00pghKe3qTQ==",
      "license": "BSD-2-Clause"
    },
    "node_modules/@kenjiuno/msgreader": {
      "version": "1.28.0",
      "resolved": "https://registry.npmmirror.com/@kenjiuno/msgreader/-/msgreader-1.28.0.tgz",
      "integrity": "sha512-+iv2rWCGRHmX/3sBwXZzkThEuuywGJjnYsvxj6Kp1L/FDMICQcFrtqN+6MFrnh2d+umtfGtX904wxaYEDZ52MQ==",
      "license": "Apache-2.0",
      "dependencies": {
        "@kenjiuno/decompressrtf": "^0.1.3",
        "iconv-lite": "^0.6.3"
      },
      "engines": {
        "node": ">= 10"
      }
    },
    "node_modules/@napi-rs/canvas": {
      "version": "0.1.97",
      "resolved": "https://registry.npmmirror.com/@napi-rs/canvas/-/canvas-0.1.97.tgz",
      "integrity": "sha512-8cFniXvrIEnVwuNSRCW9wirRZbHvrD3JVujdS2P5n5xiJZNZMOZcfOvJ1pb66c7jXMKHHglJEDVJGbm8XWFcXQ==",
      "license": "MIT",
      "optional": true,
      "workspaces": [
        "e2e/*"
      ],
      "engines": {
        "node": ">= 10"
      },
      "funding": {
        "type": "github",
        "url": "https://github.com/sponsors/Brooooooklyn"
      },
      "optionalDependencies": {
        "@napi-rs/canvas-android-arm64": "0.1.97",
        "@napi-rs/canvas-darwin-arm64": "0.1.97",
        "@napi-rs/canvas-darwin-x64": "0.1.97",
        "@napi-rs/canvas-linux-arm-gnueabihf": "0.1.97",
        "@napi-rs/canvas-linux-arm64-gnu": "0.1.97",
        "@napi-rs/canvas-linux-arm64-musl": "0.1.97",
        "@napi-rs/canvas-linux-riscv64-gnu": "0.1.97",
        "@napi-rs/canvas-linux-x64-gnu": "0.1.97",
        "@napi-rs/canvas-linux-x64-musl": "0.1.97",
        "@napi-rs/canvas-win32-arm64-msvc": "0.1.97",
        "@napi-rs/canvas-win32-x64-msvc": "0.1.97"
      }
    },
    "node_modules/@napi-rs/canvas-android-arm64": {
      "version": "0.1.97",
      "resolved": "https://registry.npmmirror.com/@napi-rs/canvas-android-arm64/-/canvas-android-arm64-0.1.97.tgz",
      "integrity": "sha512-V1c/WVw+NzH8vk7ZK/O8/nyBSCQimU8sfMsB/9qeSvdkGKNU7+mxy/bIF0gTgeBFmHpj30S4E9WHMSrxXGQuVQ==",
      "cpu": [
        "arm64"
      ],
      "license": "MIT",
      "optional": true,
      "os": [
        "android"
      ],
      "engines": {
        "node": ">= 10"
      },
      "funding": {
        "type": "github",
        "url": "https://github.com/sponsors/Brooooooklyn"
      }
    },
    "node_modules/@napi-rs/canvas-darwin-arm64": {
      "version": "0.1.97",
      "resolved": "https://registry.npmmirror.com/@napi-rs/canvas-darwin-arm64/-/canvas-darwin-arm64-0.1.97.tgz",
      "integrity": "sha512-ok+SCEF4YejcxuJ9Rm+WWunHHpf2HmiPxfz6z1a/NFQECGXtsY7A4B8XocK1LmT1D7P174MzwPF9Wy3AUAwEPw==",
      "cpu": [
        "arm64"
      ],
      "license": "MIT",
      "optional": true,
      "os": [
        "darwin"
      ],
      "engines": {
        "node": ">= 10"
      },
      "funding": {
        "type": "github",
        "url": "https://github.com/sponsors/Brooooooklyn"
      }
    },
    "node_modules/@napi-rs/canvas-darwin-x64": {
      "version": "0.1.97",
      "resolved": "https://registry.npmmirror.com/@napi-rs/canvas-darwin-x64/-/canvas-darwin-x64-0.1.97.tgz",
      "integrity": "sha512-PUP6e6/UGlclUvAQNnuXCcnkpdUou6VYZfQOQxExLp86epOylmiwLkqXIvpFmjoTEDmPmXrI+coL/9EFU1gKPA==",
      "cpu": [
        "x64"
      ],
      "license": "MIT",
      "optional": true,
      "os": [
        "darwin"
      ],
      "engines": {
        "node": ">= 10"
      },
      "funding": {
        "type": "github",
        "url": "https://github.com/sponsors/Brooooooklyn"
      }
    },
    "node_modules/@napi-rs/canvas-linux-arm-gnueabihf": {
      "version": "0.1.97",
      "resolved": "https://registry.npmmirror.com/@napi-rs/canvas-linux-arm-gnueabihf/-/canvas-linux-arm-gnueabihf-0.1.97.tgz",
      "integrity": "sha512-XyXH2L/cic8eTNtbrXCcvqHtMX/nEOxN18+7rMrAM2XtLYC/EB5s0wnO1FsLMWmK+04ZSLN9FBGipo7kpIkcOw==",
      "cpu": [
        "arm"
      ],
      "license": "MIT",
      "optional": true,
      "os": [
        "linux"
      ],
      "engines": {
        "node": ">= 10"
      },
      "funding": {
        "type": "github",
        "url": "https://github.com/sponsors/Brooooooklyn"
      }
    },
    "node_modules/@napi-rs/canvas-linux-arm64-gnu": {
      "version": "0.1.97",
      "resolved": "https://registry.npmmirror.com/@napi-rs/canvas-linux-arm64-gnu/-/canvas-linux-arm64-gnu-0.1.97.tgz",
      "integrity": "sha512-Kuq/M3djq0K8ktgz6nPlK7Ne5d4uWeDxPpyKWOjWDK2RIOhHVtLtyLiJw2fuldw7Vn4mhw05EZXCEr4Q76rs9w==",
      "cpu": [
        "arm64"
      ],
      "license": "MIT",
      "optional": true,
      "os": [
        "linux"
      ],
      "engines": {
        "node": ">= 10"
      },
      "funding": {
        "type": "github",
        "url": "https://github.com/sponsors/Brooooooklyn"
      }
    },
    "node_modules/@napi-rs/canvas-linux-arm64-musl": {
      "version": "0.1.97",
      "resolved": "https://registry.npmmirror.com/@napi-rs/canvas-linux-arm64-musl/-/canvas-linux-arm64-musl-0.1.97.tgz",
      "integrity": "sha512-kKmSkQVnWeqg7qdsiXvYxKhAFuHz3tkBjW/zyQv5YKUPhotpaVhpBGv5LqCngzyuRV85SXoe+OFj+Tv0a0QXkQ==",
      "cpu": [
        "arm64"
      ],
      "license": "MIT",
      "optional": true,
      "os": [
        "linux"
      ],
      "engines": {
        "node": ">= 10"
      },
      "funding": {
        "type": "github",
        "url": "https://github.com/sponsors/Brooooooklyn"
      }
    },
    "node_modules/@napi-rs/canvas-linux-riscv64-gnu": {
      "version": "0.1.97",
      "resolved": "https://registry.npmmirror.com/@napi-rs/canvas-linux-riscv64-gnu/-/canvas-linux-riscv64-gnu-0.1.97.tgz",
      "integrity": "sha512-Jc7I3A51jnEOIAXeLsN/M/+Z28LUeakcsXs07FLq9prXc0eYOtVwsDEv913Gr+06IRo34gJJVgT0TXvmz+N2VA==",
      "cpu": [
        "riscv64"
      ],
      "license": "MIT",
      "optional": true,
      "os": [
        "linux"
      ],
      "engines": {
        "node": ">= 10"
      },
      "funding": {
        "type": "github",
        "url": "https://github.com/sponsors/Brooooooklyn"
      }
    },
    "node_modules/@napi-rs/canvas-linux-x64-gnu": {
      "version": "0.1.97",
      "resolved": "https://registry.npmmirror.com/@napi-rs/canvas-linux-x64-gnu/-/canvas-linux-x64-gnu-0.1.97.tgz",
      "integrity": "sha512-iDUBe7AilfuBSRbSa8/IGX38Mf+iCSBqoVKLSQ5XaY2JLOaqz1TVyPFEyIck7wT6mRQhQt5sN6ogfjIDfi74tg==",
      "cpu": [
        "x64"
      ],
      "license": "MIT",
      "optional": true,
      "os": [
        "linux"
      ],
      "engines": {
        "node": ">= 10"
      },
      "funding": {
        "type": "github",
        "url": "https://github.com/sponsors/Brooooooklyn"
      }
    },
    "node_modules/@napi-rs/canvas-linux-x64-musl": {
      "version": "0.1.97",
      "resolved": "https://registry.npmmirror.com/@napi-rs/canvas-linux-x64-musl/-/canvas-linux-x64-musl-0.1.97.tgz",
      "integrity": "sha512-AKLFd/v0Z5fvgqBDqhvqtAdx+fHMJ5t9JcUNKq4FIZ5WH+iegGm8HPdj00NFlCSnm83Fp3Ln8I2f7uq1aIiWaA==",
      "cpu": [
        "x64"
      ],
      "license": "MIT",
      "optional": true,
      "os": [
        "linux"
      ],
      "engines": {
        "node": ">= 10"
      },
      "funding": {
        "type": "github",
        "url": "https://github.com/sponsors/Brooooooklyn"
      }
    },
    "node_modules/@napi-rs/canvas-win32-arm64-msvc": {
      "version": "0.1.97",
      "resolved": "https://registry.npmmirror.com/@napi-rs/canvas-win32-arm64-msvc/-/canvas-win32-arm64-msvc-0.1.97.tgz",
      "integrity": "sha512-u883Yr6A6fO7Vpsy9YE4FVCIxzzo5sO+7pIUjjoDLjS3vQaNMkVzx5bdIpEL+ob+gU88WDK4VcxYMZ6nmnoX9A==",
      "cpu": [
        "arm64"
      ],
      "license": "MIT",
      "optional": true,
      "os": [
        "win32"
      ],
      "engines": {
        "node": ">= 10"
      },
      "funding": {
        "type": "github",
        "url": "https://github.com/sponsors/Brooooooklyn"
      }
    },
    "node_modules/@napi-rs/canvas-win32-x64-msvc": {
      "version": "0.1.97",
      "resolved": "https://registry.npmmirror.com/@napi-rs/canvas-win32-x64-msvc/-/canvas-win32-x64-msvc-0.1.97.tgz",
      "integrity": "sha512-sWtD2EE3fV0IzN+iiQUqr/Q1SwqWhs2O1FKItFlxtdDkikpEj5g7DKQpY3x55H/MAOnL8iomnlk3mcEeGiUMoQ==",
      "cpu": [
        "x64"
      ],
      "license": "MIT",
      "optional": true,
      "os": [
        "win32"
      ],
      "engines": {
        "node": ">= 10"
      },
      "funding": {
        "type": "github",
        "url": "https://github.com/sponsors/Brooooooklyn"
      }
    },
    "node_modules/adler-32": {
      "version": "1.3.1",
      "resolved": "https://registry.npmmirror.com/adler-32/-/adler-32-1.3.1.tgz",
      "integrity": "sha512-ynZ4w/nUUv5rrsR8UUGoe1VC9hZj6V5hU9Qw1HlMDJGEJw5S7TfTErWTjMys6M7vr0YWcPqs3qAr4ss0nDfP+A==",
      "license": "Apache-2.0",
      "engines": {
        "node": ">=0.8"
      }
    },
    "node_modules/bmp-js": {
      "version": "0.1.0",
      "resolved": "https://registry.npmmirror.com/bmp-js/-/bmp-js-0.1.0.tgz",
      "integrity": "sha512-vHdS19CnY3hwiNdkaqk93DvjVLfbEcI8mys4UjuWrlX1haDmroo8o4xCzh4wD6DGV6HxRCyauwhHRqMTfERtjw==",
      "license": "MIT"
    },
    "node_modules/cfb": {
      "version": "1.2.2",
      "resolved": "https://registry.npmmirror.com/cfb/-/cfb-1.2.2.tgz",
      "integrity": "sha512-KfdUZsSOw19/ObEWasvBP/Ac4reZvAGauZhs6S/gqNhXhI7cKwvlH7ulj+dOEYnca4bm4SGo8C1bTAQvnTjgQA==",
      "license": "Apache-2.0",
      "dependencies": {
        "adler-32": "~1.3.0",
        "crc-32": "~1.2.0"
      },
      "engines": {
        "node": ">=0.8"
      }
    },
    "node_modules/codepage": {
      "version": "1.15.0",
      "resolved": "https://registry.npmmirror.com/codepage/-/codepage-1.15.0.tgz",
      "integrity": "sha512-3g6NUTPd/YtuuGrhMnOMRjFc+LJw/bnMp3+0r/Wcz3IXUuCosKRJvMphm5+Q+bvTVGcJJuRvVLuYba+WojaFaA==",
      "license": "Apache-2.0",
      "engines": {
        "node": ">=0.8"
      }
    },
    "node_modules/crc-32": {
      "version": "1.2.2",
      "resolved": "https://registry.npmmirror.com/crc-32/-/crc-32-1.2.2.tgz",
      "integrity": "sha512-ROmzCKrTnOwybPcJApAA6WBWij23HVfGVNKqqrZpuyZOHqK2CwHSvpGuyt/UNNvaIjEd8X5IFGp4Mh+Ie1IHJQ==",
      "license": "Apache-2.0",
      "bin": {
        "crc32": "bin/crc32.njs"
      },
      "engines": {
        "node": ">=0.8"
      }
    },
    "node_modules/fflate": {
      "version": "0.8.2",
      "resolved": "https://registry.npmmirror.com/fflate/-/fflate-0.8.2.tgz",
      "integrity": "sha512-cPJU47OaAoCbg0pBvzsgpTPhmhqI5eJjh/JIu8tPj5q+T7iLvW/JAYUqmE7KOB4R1ZyEhzBaIQpQpardBF5z8A==",
      "license": "MIT"
    },
    "node_modules/frac": {
      "version": "1.1.2",
      "resolved": "https://registry.npmmirror.com/frac/-/frac-1.1.2.tgz",
      "integrity": "sha512-w/XBfkibaTl3YDqASwfDUqkna4Z2p9cFSr1aHDt0WoMTECnRfBOv2WArlZILlqgWlmdIlALXGpM2AOhEk5W3IA==",
      "license": "Apache-2.0",
      "engines": {
        "node": ">=0.8"
      }
    },
    "node_modules/iconv-lite": {
      "version": "0.6.3",
      "resolved": "https://registry.npmmirror.com/iconv-lite/-/iconv-lite-0.6.3.tgz",
      "integrity": "sha512-4fCk79wshMdzMp2rH06qWrJE4iolqLhCUH+OiuIgU++RB0+94NlDL81atO7GX55uUKueo0txHNtvEyI6D7WdMw==",
      "license": "MIT",
      "dependencies": {
        "safer-buffer": ">= 2.1.2 < 3.0.0"
      },
      "engines": {
        "node": ">=0.10.0"
      }
    },
    "node_modules/idb-keyval": {
      "version": "6.2.2",
      "resolved": "https://registry.npmmirror.com/idb-keyval/-/idb-keyval-6.2.2.tgz",
      "integrity": "sha512-yjD9nARJ/jb1g+CvD0tlhUHOrJ9Sy0P8T9MF3YaLlHnSRpwPfpTX0XIvpmw3gAJUmEu3FiICLBDPXVwyEvrleg==",
      "license": "Apache-2.0"
    },
    "node_modules/is-url": {
      "version": "1.2.4",
      "resolved": "https://registry.npmmirror.com/is-url/-/is-url-1.2.4.tgz",
      "integrity": "sha512-ITvGim8FhRiYe4IQ5uHSkj7pVaPDrCTkNd3yq3cV7iZAcJdHTUMPMEHcqSOy9xZ9qFenQCvi+2wjH9a1nXqHww==",
      "license": "MIT"
    },
    "node_modules/node-fetch": {
      "version": "2.7.0",
      "resolved": "https://registry.npmmirror.com/node-fetch/-/node-fetch-2.7.0.tgz",
      "integrity": "sha512-c4FRfUm/dbcWZ7U+1Wq0AwCyFL+3nt2bEw05wfxSz+DWpWsitgmSgYmy2dQdWyKC1694ELPqMs/YzUSNozLt8A==",
      "license": "MIT",
      "dependencies": {
        "whatwg-url": "^5.0.0"
      },
      "engines": {
        "node": "4.x || >=6.0.0"
      },
      "peerDependencies": {
        "encoding": "^0.1.0"
      },
      "peerDependenciesMeta": {
        "encoding": {
          "optional": true
        }
      }
    },
    "node_modules/node-readable-to-web-readable-stream": {
      "version": "0.4.2",
      "resolved": "https://registry.npmmirror.com/node-readable-to-web-readable-stream/-/node-readable-to-web-readable-stream-0.4.2.tgz",
      "integrity": "sha512-/cMZNI34v//jUTrI+UIo4ieHAB5EZRY/+7OmXZgBxaWBMcW2tGdceIw06RFxWxrKZ5Jp3sI2i5TsRo+CBhtVLQ==",
      "license": "MIT",
      "optional": true
    },
    "node_modules/opencollective-postinstall": {
      "version": "2.0.3",
      "resolved": "https://registry.npmmirror.com/opencollective-postinstall/-/opencollective-postinstall-2.0.3.tgz",
      "integrity": "sha512-8AV/sCtuzUeTo8gQK5qDZzARrulB3egtLzFgteqB2tcT4Mw7B8Kt7JcDHmltjz6FOAHsvTevk70gZEbhM4ZS9Q==",
      "license": "MIT",
      "bin": {
        "opencollective-postinstall": "index.js"
      }
    },
    "node_modules/pdfjs-dist": {
      "version": "5.6.205",
      "resolved": "https://registry.npmmirror.com/pdfjs-dist/-/pdfjs-dist-5.6.205.tgz",
      "integrity": "sha512-tlUj+2IDa7G1SbvBNN74UHRLJybZDWYom+k6p5KIZl7huBvsA4APi6mKL+zCxd3tLjN5hOOEE9Tv7VdzO88pfg==",
      "license": "Apache-2.0",
      "engines": {
        "node": ">=20.19.0 || >=22.13.0 || >=24"
      },
      "optionalDependencies": {
        "@napi-rs/canvas": "^0.1.96",
        "node-readable-to-web-readable-stream": "^0.4.2"
      }
    },
    "node_modules/regenerator-runtime": {
      "version": "0.13.11",
      "resolved": "https://registry.npmmirror.com/regenerator-runtime/-/regenerator-runtime-0.13.11.tgz",
      "integrity": "sha512-kY1AZVr2Ra+t+piVaJ4gxaFaReZVH40AKNo7UCX6W+dEwBo/2oZJzqfuN1qLq1oL45o56cPaTXELwrTh8Fpggg==",
      "license": "MIT"
    },
    "node_modules/safer-buffer": {
      "version": "2.1.2",
      "resolved": "https://registry.npmmirror.com/safer-buffer/-/safer-buffer-2.1.2.tgz",
      "integrity": "sha512-YZo3K82SD7Riyi0E1EQPojLz7kpepnSQI9IyPbHHg1XXXevb5dJI7tpyN2ADxGcQbHG7vcyRHk0cbwqcQriUtg==",
      "license": "MIT"
    },
    "node_modules/ssf": {
      "version": "0.11.2",
      "resolved": "https://registry.npmmirror.com/ssf/-/ssf-0.11.2.tgz",
      "integrity": "sha512-+idbmIXoYET47hH+d7dfm2epdOMUDjqcB4648sTZ+t2JwoyBFL/insLfB/racrDmsKB3diwsDA696pZMieAC5g==",
      "license": "Apache-2.0",
      "dependencies": {
        "frac": "~1.1.2"
      },
      "engines": {
        "node": ">=0.8"
      }
    },
    "node_modules/tesseract.js": {
      "version": "7.0.0",
      "resolved": "https://registry.npmmirror.com/tesseract.js/-/tesseract.js-7.0.0.tgz",
      "integrity": "sha512-exPBkd+z+wM1BuMkx/Bjv43OeLBxhL5kKWsz/9JY+DXcXdiBjiAch0V49QR3oAJqCaL5qURE0vx9Eo+G5YE7mA==",
      "hasInstallScript": true,
      "license": "Apache-2.0",
      "dependencies": {
        "bmp-js": "^0.1.0",
        "idb-keyval": "^6.2.0",
        "is-url": "^1.2.4",
        "node-fetch": "^2.6.9",
        "opencollective-postinstall": "^2.0.3",
        "regenerator-runtime": "^0.13.3",
        "tesseract.js-core": "^7.0.0",
        "wasm-feature-detect": "^1.8.0",
        "zlibjs": "^0.3.1"
      }
    },
    "node_modules/tesseract.js-core": {
      "version": "7.0.0",
      "resolved": "https://registry.npmmirror.com/tesseract.js-core/-/tesseract.js-core-7.0.0.tgz",
      "integrity": "sha512-WnNH518NzmbSq9zgTPeoF8c+xmilS8rFIl1YKbk/ptuuc7p6cLNELNuPAzcmsYw450ca6bLa8j3t0VAtq435Vw==",
      "license": "Apache-2.0"
    },
    "node_modules/tr46": {
      "version": "0.0.3",
      "resolved": "https://registry.npmmirror.com/tr46/-/tr46-0.0.3.tgz",
      "integrity": "sha512-N3WMsuqV66lT30CrXNbEjx4GEwlow3v6rr4mCcv6prnfwhS01rkgyFdjPNBYd9br7LpXV1+Emh01fHnq2Gdgrw==",
      "license": "MIT"
    },
    "node_modules/wasm-feature-detect": {
      "version": "1.8.0",
      "resolved": "https://registry.npmmirror.com/wasm-feature-detect/-/wasm-feature-detect-1.8.0.tgz",
      "integrity": "sha512-zksaLKM2fVlnB5jQQDqKXXwYHLQUVH9es+5TOOHwGOVJOCeRBCiPjwSg+3tN2AdTCzjgli4jijCH290kXb/zWQ==",
      "license": "Apache-2.0"
    },
    "node_modules/webidl-conversions": {
      "version": "3.0.1",
      "resolved": "https://registry.npmmirror.com/webidl-conversions/-/webidl-conversions-3.0.1.tgz",
      "integrity": "sha512-2JAn3z8AR6rjK8Sm8orRC0h/bcl/DqL7tRPdGZ4I1CjdF+EaMLmYxBHyXuKL849eucPFhvBoxMsflfOb8kxaeQ==",
      "license": "BSD-2-Clause"
    },
    "node_modules/whatwg-url": {
      "version": "5.0.0",
      "resolved": "https://registry.npmmirror.com/whatwg-url/-/whatwg-url-5.0.0.tgz",
      "integrity": "sha512-saE57nupxk6v3HY35+jzBwYa0rKSy0XR8JSxZPwgLr7ys0IBzhGviA1/TUGJLmSVqs8pb9AnvICXEuOHLprYTw==",
      "license": "MIT",
      "dependencies": {
        "tr46": "~0.0.3",
        "webidl-conversions": "^3.0.0"
      }
    },
    "node_modules/wmf": {
      "version": "1.0.2",
      "resolved": "https://registry.npmmirror.com/wmf/-/wmf-1.0.2.tgz",
      "integrity": "sha512-/p9K7bEh0Dj6WbXg4JG0xvLQmIadrner1bi45VMJTfnbVHsc7yIajZyoSoK60/dtVBs12Fm6WkUI5/3WAVsNMw==",
      "license": "Apache-2.0",
      "engines": {
        "node": ">=0.8"
      }
    },
    "node_modules/word": {
      "version": "0.3.0",
      "resolved": "https://registry.npmmirror.com/word/-/word-0.3.0.tgz",
      "integrity": "sha512-OELeY0Q61OXpdUfTp+oweA/vtLVg5VDOXh+3he3PNzLGG/y0oylSOC1xRVj0+l4vQ3tj/bB1HVHv1ocXkQceFA==",
      "license": "Apache-2.0",
      "engines": {
        "node": ">=0.8"
      }
    },
    "node_modules/xlsx": {
      "version": "0.18.5",
      "resolved": "https://registry.npmmirror.com/xlsx/-/xlsx-0.18.5.tgz",
      "integrity": "sha512-dmg3LCjBPHZnQp5/F/+nnTa+miPJxUXB6vtk42YjBBKayDNagxGEeIdWApkYPOf3Z3pm3k62Knjzp7lMeTEtFQ==",
      "license": "Apache-2.0",
      "dependencies": {
        "adler-32": "~1.3.0",
        "cfb": "~1.2.1",
        "codepage": "~1.15.0",
        "crc-32": "~1.2.1",
        "ssf": "~0.11.2",
        "wmf": "~1.0.1",
        "word": "~0.3.0"
      },
      "bin": {
        "xlsx": "bin/xlsx.njs"
      },
      "engines": {
        "node": ">=0.8"
      }
    },
    "node_modules/zlibjs": {
      "version": "0.3.1",
      "resolved": "https://registry.npmmirror.com/zlibjs/-/zlibjs-0.3.1.tgz",
      "integrity": "sha512-+J9RrgTKOmlxFSDHo0pI1xM6BLVUv+o0ZT9ANtCxGkjIVCCUdx9alUF8Gm+dGLKbkkkidWIHFDZHDMpfITt4+w==",
      "license": "MIT",
      "engines": {
        "node": "*"
      }
    }
  }
}
